// !$*UTF8*$!
{
	archiveVersion = 1;
	classes = {
	};
	objectVersion = 50;
	objects = {

/* Begin PBXBuildFile section */
		18181D82244016950006E095 /* AppDelegate.swift in Sources */ = {isa = PBXBuildFile; fileRef = 18181D81244016950006E095 /* AppDelegate.swift */; };
		18181D84244016950006E095 /* SceneDelegate.swift in Sources */ = {isa = PBXBuildFile; fileRef = 18181D83244016950006E095 /* SceneDelegate.swift */; };
		18181D86244016950006E095 /* ViewController.swift in Sources */ = {isa = PBXBuildFile; fileRef = 18181D85244016950006E095 /* ViewController.swift */; };
		18181D89244016950006E095 /* Main.storyboard in Resources */ = {isa = PBXBuildFile; fileRef = 18181D87244016950006E095 /* Main.storyboard */; };
		18181D8B244016A10006E095 /* Assets.xcassets in Resources */ = {isa = PBXBuildFile; fileRef = 18181D8A244016A10006E095 /* Assets.xcassets */; };
		18181D8E244016A10006E095 /* LaunchScreen.storyboard in Resources */ = {isa = PBXBuildFile; fileRef = 18181D8C244016A10006E095 /* LaunchScreen.storyboard */; };
		18181D99244016A20006E095 /* GMLLayoutDemoTests.swift in Sources */ = {isa = PBXBuildFile; fileRef = 18181D98244016A20006E095 /* GMLLayoutDemoTests.swift */; };
		18181DA4244016A20006E095 /* GMLLayoutDemoUITests.swift in Sources */ = {isa = PBXBuildFile; fileRef = 18181DA3244016A20006E095 /* GMLLayoutDemoUITests.swift */; };
		18181DB4244017A50006E095 /* GMLViewLayoutAttributes.swift in Sources */ = {isa = PBXBuildFile; fileRef = 18181DB3244017A50006E095 /* GMLViewLayoutAttributes.swift */; };
/* End PBXBuildFile section */

/* Begin PBXContainerItemProxy section */
		18181D95244016A20006E095 /* PBXContainerItemProxy */ = {
			isa = PBXContainerItemProxy;
			containerPortal = 18181D76244016950006E095 /* Project object */;
			proxyType = 1;
			remoteGlobalIDString = 18181D7D244016950006E095;
			remoteInfo = GMLLayoutDemo;
		};
		18181DA0244016A20006E095 /* PBXContainerItemProxy */ = {
			isa = PBXContainerItemProxy;
			containerPortal = 18181D76244016950006E095 /* Project object */;
			proxyType = 1;
			remoteGlobalIDString = 18181D7D244016950006E095;
			remoteInfo = GMLLayoutDemo;
		};
/* End PBXContainerItemProxy section */

/* Begin PBXFileReference section */
		18181D7E244016950006E095 /* GMLLayoutDemo.app */ = {isa = PBXFileReference; explicitFileType = wrapper.application; includeInIndex = 0; path = GMLLayoutDemo.app; sourceTree = BUILT_PRODUCTS_DIR; };
		18181D81244016950006E095 /* AppDelegate.swift */ = {isa = PBXFileReference; lastKnownFileType = sourcecode.swift; path = AppDelegate.swift; sourceTree = "<group>"; };
		18181D83244016950006E095 /* SceneDelegate.swift */ = {isa = PBXFileReference; lastKnownFileType = sourcecode.swift; path = SceneDelegate.swift; sourceTree = "<group>"; };
		18181D85244016950006E095 /* ViewController.swift */ = {isa = PBXFileReference; lastKnownFileType = sourcecode.swift; path = ViewController.swift; sourceTree = "<group>"; };
		18181D88244016950006E095 /* Base */ = {isa = PBXFileReference; lastKnownFileType = file.storyboard; name = Base; path = Base.lproj/Main.storyboard; sourceTree = "<group>"; };
		18181D8A244016A10006E095 /* Assets.xcassets */ = {isa = PBXFileReference; lastKnownFileType = folder.assetcatalog; path = Assets.xcassets; sourceTree = "<group>"; };
		18181D8D244016A10006E095 /* Base */ = {isa = PBXFileReference; lastKnownFileType = file.storyboard; name = Base; path = Base.lproj/LaunchScreen.storyboard; sourceTree = "<group>"; };
		18181D8F244016A10006E095 /* Info.plist */ = {isa = PBXFileReference; lastKnownFileType = text.plist.xml; path = Info.plist; sourceTree = "<group>"; };
		18181D94244016A20006E095 /* GMLLayoutDemoTests.xctest */ = {isa = PBXFileReference; explicitFileType = wrapper.cfbundle; includeInIndex = 0; path = GMLLayoutDemoTests.xctest; sourceTree = BUILT_PRODUCTS_DIR; };
		18181D98244016A20006E095 /* GMLLayoutDemoTests.swift */ = {isa = PBXFileReference; lastKnownFileType = sourcecode.swift; path = GMLLayoutDemoTests.swift; sourceTree = "<group>"; };
		18181D9A244016A20006E095 /* Info.plist */ = {isa = PBXFileReference; lastKnownFileType = text.plist.xml; path = Info.plist; sourceTree = "<group>"; };
		18181D9F244016A20006E095 /* GMLLayoutDemoUITests.xctest */ = {isa = PBXFileReference; explicitFileType = wrapper.cfbundle; includeInIndex = 0; path = GMLLayoutDemoUITests.xctest; sourceTree = BUILT_PRODUCTS_DIR; };
		18181DA3244016A20006E095 /* GMLLayoutDemoUITests.swift */ = {isa = PBXFileReference; lastKnownFileType = sourcecode.swift; path = GMLLayoutDemoUITests.swift; sourceTree = "<group>"; };
		18181DA5244016A20006E095 /* Info.plist */ = {isa = PBXFileReference; lastKnownFileType = text.plist.xml; path = Info.plist; sourceTree = "<group>"; };
		18181DB3244017A50006E095 /* GMLViewLayoutAttributes.swift */ = {isa = PBXFileReference; lastKnownFileType = sourcecode.swift; path = GMLViewLayoutAttributes.swift; sourceTree = "<group>"; };
/* End PBXFileReference section */

/* Begin PBXFrameworksBuildPhase section */
		18181D7B244016950006E095 /* Frameworks */ = {
			isa = PBXFrameworksBuildPhase;
			buildActionMask = 2147483647;
			files = (
			);
			runOnlyForDeploymentPostprocessing = 0;
		};
		18181D91244016A20006E095 /* Frameworks */ = {
			isa = PBXFrameworksBuildPhase;
			buildActionMask = 2147483647;
			files = (
			);
			runOnlyForDeploymentPostprocessing = 0;
		};
		18181D9C244016A20006E095 /* Frameworks */ = {
			isa = PBXFrameworksBuildPhase;
			buildActionMask = 2147483647;
			files = (
			);
			runOnlyForDeploymentPostprocessing = 0;
		};
/* End PBXFrameworksBuildPhase section */

/* Begin PBXGroup section */
		18181D75244016950006E095 = {
			isa = PBXGroup;
			children = (
				18181DB2244016E00006E095 /* GMLLayout */,
				18181D80244016950006E095 /* GMLLayoutDemo */,
				18181D97244016A20006E095 /* GMLLayoutDemoTests */,
				18181DA2244016A20006E095 /* GMLLayoutDemoUITests */,
				18181D7F244016950006E095 /* Products */,
			);
			sourceTree = "<group>";
		};
		18181D7F244016950006E095 /* Products */ = {
			isa = PBXGroup;
			children = (
				18181D7E244016950006E095 /* GMLLayoutDemo.app */,
				18181D94244016A20006E095 /* GMLLayoutDemoTests.xctest */,
				18181D9F244016A20006E095 /* GMLLayoutDemoUITests.xctest */,
			);
			name = Products;
			sourceTree = "<group>";
		};
		18181D80244016950006E095 /* GMLLayoutDemo */ = {
			isa = PBXGroup;
			children = (
				18181D81244016950006E095 /* AppDelegate.swift */,
				18181D83244016950006E095 /* SceneDelegate.swift */,
				18181D85244016950006E095 /* ViewController.swift */,
				18181D87244016950006E095 /* Main.storyboard */,
				18181D8A244016A10006E095 /* Assets.xcassets */,
				18181D8C244016A10006E095 /* LaunchScreen.storyboard */,
				18181D8F244016A10006E095 /* Info.plist */,
			);
			path = GMLLayoutDemo;
			sourceTree = "<group>";
		};
		18181D97244016A20006E095 /* GMLLayoutDemoTests */ = {
			isa = PBXGroup;
			children = (
				18181D98244016A20006E095 /* GMLLayoutDemoTests.swift */,
				18181D9A244016A20006E095 /* Info.plist */,
			);
			path = GMLLayoutDemoTests;
			sourceTree = "<group>";
		};
		18181DA2244016A20006E095 /* GMLLayoutDemoUITests */ = {
			isa = PBXGroup;
			children = (
				18181DA3244016A20006E095 /* GMLLayoutDemoUITests.swift */,
				18181DA5244016A20006E095 /* Info.plist */,
			);
			path = GMLLayoutDemoUITests;
			sourceTree = "<group>";
		};
		18181DB2244016E00006E095 /* GMLLayout */ = {
			isa = PBXGroup;
			children = (
				18181DB3244017A50006E095 /* GMLViewLayoutAttributes.swift */,
			);
			name = GMLLayout;
			path = ../GMLLayout;
			sourceTree = "<group>";
		};
/* End PBXGroup section */

/* Begin PBXNativeTarget section */
		18181D7D244016950006E095 /* GMLLayoutDemo */ = {
			isa = PBXNativeTarget;
			buildConfigurationList = 18181DA8244016A20006E095 /* Build configuration list for PBXNativeTarget "GMLLayoutDemo" */;
			buildPhases = (
				18181D7A244016950006E095 /* Sources */,
				18181D7B244016950006E095 /* Frameworks */,
				18181D7C244016950006E095 /* Resources */,
			);
			buildRules = (
			);
			dependencies = (
			);
			name = GMLLayoutDemo;
			productName = GMLLayoutDemo;
			productReference = 18181D7E244016950006E095 /* GMLLayoutDemo.app */;
			productType = "com.apple.product-type.application";
		};
		18181D93244016A20006E095 /* GMLLayoutDemoTests */ = {
			isa = PBXNativeTarget;
			buildConfigurationList = 18181DAB244016A20006E095 /* Build configuration list for PBXNativeTarget "GMLLayoutDemoTests" */;
			buildPhases = (
				18181D90244016A20006E095 /* Sources */,
				18181D91244016A20006E095 /* Frameworks */,
				18181D92244016A20006E095 /* Resources */,
			);
			buildRules = (
			);
			dependencies = (
				18181D96244016A20006E095 /* PBXTargetDependency */,
			);
			name = GMLLayoutDemoTests;
			productName = GMLLayoutDemoTests;
			productReference = 18181D94244016A20006E095 /* GMLLayoutDemoTests.xctest */;
			productType = "com.apple.product-type.bundle.unit-test";
		};
		18181D9E244016A20006E095 /* GMLLayoutDemoUITests */ = {
			isa = PBXNativeTarget;
			buildConfigurationList = 18181DAE244016A20006E095 /* Build configuration list for PBXNativeTarget "GMLLayoutDemoUITests" */;
			buildPhases = (
				18181D9B244016A20006E095 /* Sources */,
				18181D9C244016A20006E095 /* Frameworks */,
				18181D9D244016A20006E095 /* Resources */,
			);
			buildRules = (
			);
			dependencies = (
				18181DA1244016A20006E095 /* PBXTargetDependency */,
			);
			name = GMLLayoutDemoUITests;
			productName = GMLLayoutDemoUITests;
			productReference = 18181D9F244016A20006E095 /* GMLLayoutDemoUITests.xctest */;
			productType = "com.apple.product-type.bundle.ui-testing";
		};
/* End PBXNativeTarget section */

/* Begin PBXProject section */
		18181D76244016950006E095 /* Project object */ = {
			isa = PBXProject;
			attributes = {
				LastSwiftUpdateCheck = 1140;
				LastUpgradeCheck = 1140;
				ORGANIZATIONNAME = GML;
				TargetAttributes = {
					18181D7D244016950006E095 = {
						CreatedOnToolsVersion = 11.4;
					};
					18181D93244016A20006E095 = {
						CreatedOnToolsVersion = 11.4;
						TestTargetID = 18181D7D244016950006E095;
					};
					18181D9E244016A20006E095 = {
						CreatedOnToolsVersion = 11.4;
						TestTargetID = 18181D7D244016950006E095;
					};
				};
			};
			buildConfigurationList = 18181D79244016950006E095 /* Build configuration list for PBXProject "GMLLayoutDemo" */;
			compatibilityVersion = "Xcode 9.3";
			developmentRegion = en;
			hasScannedForEncodings = 0;
			knownRegions = (
				en,
				Base,
			);
			mainGroup = 18181D75244016950006E095;
			productRefGroup = 18181D7F244016950006E095 /* Products */;
			projectDirPath = "";
			projectRoot = "";
			targets = (
				18181D7D244016950006E095 /* GMLLayoutDemo */,
				18181D93244016A20006E095 /* GMLLayoutDemoTests */,
				18181D9E244016A20006E095 /* GMLLayoutDemoUITests */,
			);
		};
/* End PBXProject section */

/* Begin PBXResourcesBuildPhase section */
		18181D7C244016950006E095 /* Resources */ = {
			isa = PBXResourcesBuildPhase;
			buildActionMask = 2147483647;
			files = (
				18181D8E244016A10006E095 /* LaunchScreen.storyboard in Resources */,
				18181D8B244016A10006E095 /* Assets.xcassets in Resources */,
				18181D89244016950006E095 /* Main.storyboard in Resources */,
			);
			runOnlyForDeploymentPostprocessing = 0;
		};
		18181D92244016A20006E095 /* Resources */ = {
			isa = PBXResourcesBuildPhase;
			buildActionMask = 2147483647;
			files = (
			);
			runOnlyForDeploymentPostprocessing = 0;
		};
		18181D9D244016A20006E095 /* Resources */ = {
			isa = PBXResourcesBuildPhase;
			buildActionMask = 2147483647;
			files = (
			);
			runOnlyForDeploymentPostprocessing = 0;
		};
/* End PBXResourcesBuildPhase section */

/* Begin PBXSourcesBuildPhase section */
		18181D7A244016950006E095 /* Sources */ = {
			isa = PBXSourcesBuildPhase;
			buildActionMask = 2147483647;
			files = (
				18181DB4244017A50006E095 /* GMLViewLayoutAttributes.swift in Sources */,
				18181D86244016950006E095 /* ViewController.swift in Sources */,
				18181D82244016950006E095 /* AppDelegate.swift in Sources */,
				18181D84244016950006E095 /* SceneDelegate.swift in Sources */,
			);
			runOnlyForDeploymentPostprocessing = 0;
		};
		18181D90244016A20006E095 /* Sources */ = {
			isa = PBXSourcesBuildPhase;
			buildActionMask = 2147483647;
			files = (
				18181D99244016A20006E095 /* GMLLayoutDemoTests.swift in Sources */,
			);
			runOnlyForDeploymentPostprocessing = 0;
		};
		18181D9B244016A20006E095 /* Sources */ = {
			isa = PBXSourcesBuildPhase;
			buildActionMask = 2147483647;
			files = (
				18181DA4244016A20006E095 /* GMLLayoutDemoUITests.swift in Sources */,
			);
			runOnlyForDeploymentPostprocessing = 0;
		};
/* End PBXSourcesBuildPhase section */

/* Begin PBXTargetDependency section */
		18181D96244016A20006E095 /* PBXTargetDependency */ = {
			isa = PBXTargetDependency;
			target = 18181D7D244016950006E095 /* GMLLayoutDemo */;
			targetProxy = 18181D95244016A20006E095 /* PBXContainerItemProxy */;
		};
		18181DA1244016A20006E095 /* PBXTargetDependency */ = {
			isa = PBXTargetDependency;
			target = 18181D7D244016950006E095 /* GMLLayoutDemo */;
			targetProxy = 18181DA0244016A20006E095 /* PBXContainerItemProxy */;
		};
/* End PBXTargetDependency section */

/* Begin PBXVariantGroup section */
		18181D87244016950006E095 /* Main.storyboard */ = {
			isa = PBXVariantGroup;
			children = (
				18181D88244016950006E095 /* Base */,
			);
			name = Main.storyboard;
			sourceTree = "<group>";
		};
		18181D8C244016A10006E095 /* LaunchScreen.storyboard */ = {
			isa = PBXVariantGroup;
			children = (
				18181D8D244016A10006E095 /* Base */,
			);
			name = LaunchScreen.storyboard;
			sourceTree = "<group>";
		};
/* End PBXVariantGroup section */

/* Begin XCBuildConfiguration section */
		18181DA6244016A20006E095 /* Debug */ = {
			isa = XCBuildConfiguration;
			buildSettings = {
				ALWAYS_SEARCH_USER_PATHS = NO;
				CLANG_ANALYZER_NONNULL = YES;
				CLANG_ANALYZER_NUMBER_OBJECT_CONVERSION = YES_AGGRESSIVE;
				CLANG_CXX_LANGUAGE_STANDARD = "gnu++14";
				CLANG_CXX_LIBRARY = "libc++";
				CLANG_ENABLE_MODULES = YES;
				CLANG_ENABLE_OBJC_ARC = YES;
				CLANG_ENABLE_OBJC_WEAK = YES;
				CLANG_WARN_BLOCK_CAPTURE_AUTORELEASING = YES;
				CLANG_WARN_BOOL_CONVERSION = YES;
				CLANG_WARN_COMMA = YES;
				CLANG_WARN_CONSTANT_CONVERSION = YES;
				CLANG_WARN_DEPRECATED_OBJC_IMPLEMENTATIONS = YES;
				CLANG_WARN_DIRECT_OBJC_ISA_USAGE = YES_ERROR;
				CLANG_WARN_DOCUMENTATION_COMMENTS = YES;
				CLANG_WARN_EMPTY_BODY = YES;
				CLANG_WARN_ENUM_CONVERSION = YES;
				CLANG_WARN_INFINITE_RECURSION = YES;
				CLANG_WARN_INT_CONVERSION = YES;
				CLANG_WARN_NON_LITERAL_NULL_CONVERSION = YES;
				CLANG_WARN_OBJC_IMPLICIT_RETAIN_SELF = YES;
				CLANG_WARN_OBJC_LITERAL_CONVERSION = YES;
				CLANG_WARN_OBJC_ROOT_CLASS = YES_ERROR;
				CLANG_WARN_RANGE_LOOP_ANALYSIS = YES;
				CLANG_WARN_STRICT_PROTOTYPES = YES;
				CLANG_WARN_SUSPICIOUS_MOVE = YES;
				CLANG_WARN_UNGUARDED_AVAILABILITY = YES_AGGRESSIVE;
				CLANG_WARN_UNREACHABLE_CODE = YES;
				CLANG_WARN__DUPLICATE_METHOD_MATCH = YES;
				COPY_PHASE_STRIP = NO;
				DEBUG_INFORMATION_FORMAT = dwarf;
				ENABLE_STRICT_OBJC_MSGSEND = YES;
				ENABLE_TESTABILITY = YES;
				GCC_C_LANGUAGE_STANDARD = gnu11;
				GCC_DYNAMIC_NO_PIC = NO;
				GCC_NO_COMMON_BLOCKS = YES;
				GCC_OPTIMIZATION_LEVEL = 0;
				GCC_PREPROCESSOR_DEFINITIONS = (
					"DEBUG=1",
					"$(inherited)",
				);
				GCC_WARN_64_TO_32_BIT_CONVERSION = YES;
				GCC_WARN_ABOUT_RETURN_TYPE = YES_ERROR;
				GCC_WARN_UNDECLARED_SELECTOR = YES;
				GCC_WARN_UNINITIALIZED_AUTOS = YES_AGGRESSIVE;
				GCC_WARN_UNUSED_FUNCTION = YES;
				GCC_WARN_UNUSED_VARIABLE = YES;
				IPHONEOS_DEPLOYMENT_TARGET = 12.0;
				MTL_ENABLE_DEBUG_INFO = INCLUDE_SOURCE;
				MTL_FAST_MATH = YES;
				ONLY_ACTIVE_ARCH = YES;
				SDKROOT = iphoneos;
				SWIFT_ACTIVE_COMPILATION_CONDITIONS = DEBUG;
				SWIFT_OPTIMIZATION_LEVEL = "-Onone";
			};
			name = Debug;
		};
		18181DA7244016A20006E095 /* Release */ = {
			isa = XCBuildConfiguration;
			buildSettings = {
				ALWAYS_SEARCH_USER_PATHS = NO;
				CLANG_ANALYZER_NONNULL = YES;
				CLANG_ANALYZER_NUMBER_OBJECT_CONVERSION = YES_AGGRESSIVE;
				CLANG_CXX_LANGUAGE_STANDARD = "gnu++14";
				CLANG_CXX_LIBRARY = "libc++";
				CLANG_ENABLE_MODULES = YES;
				CLANG_ENABLE_OBJC_ARC = YES;
				CLANG_ENABLE_OBJC_WEAK = YES;
				CLANG_WARN_BLOCK_CAPTURE_AUTORELEASING = YES;
				CLANG_WARN_BOOL_CONVERSION = YES;
				CLANG_WARN_COMMA = YES;
				CLANG_WARN_CONSTANT_CONVERSION = YES;
				CLANG_WARN_DEPRECATED_OBJC_IMPLEMENTATIONS = YES;
				CLANG_WARN_DIRECT_OBJC_ISA_USAGE = YES_ERROR;
				CLANG_WARN_DOCUMENTATION_COMMENTS = YES;
				CLANG_WARN_EMPTY_BODY = YES;
				CLANG_WARN_ENUM_CONVERSION = YES;
				CLANG_WARN_INFINITE_RECURSION = YES;
				CLANG_WARN_INT_CONVERSION = YES;
				CLANG_WARN_NON_LITERAL_NULL_CONVERSION = YES;
				CLANG_WARN_OBJC_IMPLICIT_RETAIN_SELF = YES;
				CLANG_WARN_OBJC_LITERAL_CONVERSION = YES;
				CLANG_WARN_OBJC_ROOT_CLASS = YES_ERROR;
				CLANG_WARN_RANGE_LOOP_ANALYSIS = YES;
				CLANG_WARN_STRICT_PROTOTYPES = YES;
				CLANG_WARN_SUSPICIOUS_MOVE = YES;
				CLANG_WARN_UNGUARDED_AVAILABILITY = YES_AGGRESSIVE;
				CLANG_WARN_UNREACHABLE_CODE = YES;
				CLANG_WARN__DUPLICATE_METHOD_MATCH = YES;
				COPY_PHASE_STRIP = NO;
				DEBUG_INFORMATION_FORMAT = "dwarf-with-dsym";
				ENABLE_NS_ASSERTIONS = NO;
				ENABLE_STRICT_OBJC_MSGSEND = YES;
				GCC_C_LANGUAGE_STANDARD = gnu11;
				GCC_NO_COMMON_BLOCKS = YES;
				GCC_WARN_64_TO_32_BIT_CONVERSION = YES;
				GCC_WARN_ABOUT_RETURN_TYPE = YES_ERROR;
				GCC_WARN_UNDECLARED_SELECTOR = YES;
				GCC_WARN_UNINITIALIZED_AUTOS = YES_AGGRESSIVE;
				GCC_WARN_UNUSED_FUNCTION = YES;
				GCC_WARN_UNUSED_VARIABLE = YES;
				IPHONEOS_DEPLOYMENT_TARGET = 12.0;
				MTL_ENABLE_DEBUG_INFO = NO;
				MTL_FAST_MATH = YES;
				SDKROOT = iphoneos;
				SWIFT_COMPILATION_MODE = wholemodule;
				SWIFT_OPTIMIZATION_LEVEL = "-O";
				VALIDATE_PRODUCT = YES;
			};
			name = Release;
		};
		18181DA9244016A20006E095 /* Debug */ = {
			isa = XCBuildConfiguration;
			buildSettings = {
				ASSETCATALOG_COMPILER_APPICON_NAME = AppIcon;
				CODE_SIGN_STYLE = Automatic;
				DEVELOPMENT_TEAM = 29W9687J6A;
				INFOPLIST_FILE = GMLLayoutDemo/Info.plist;
				LD_RUNPATH_SEARCH_PATHS = (
					"$(inherited)",
					"@executable_path/Frameworks",
				);
				PRODUCT_BUNDLE_IDENTIFIER = com.YM.GMLLayoutDemo;
				PRODUCT_NAME = "$(TARGET_NAME)";
				SWIFT_VERSION = 5.0;
				TARGETED_DEVICE_FAMILY = "1,2";
			};
			name = Debug;
		};
		18181DAA244016A20006E095 /* Release */ = {
			isa = XCBuildConfiguration;
			buildSettings = {
				ASSETCATALOG_COMPILER_APPICON_NAME = AppIcon;
				CODE_SIGN_STYLE = Automatic;
				DEVELOPMENT_TEAM = 29W9687J6A;
				INFOPLIST_FILE = GMLLayoutDemo/Info.plist;
				LD_RUNPATH_SEARCH_PATHS = (
					"$(inherited)",
					"@executable_path/Frameworks",
				);
				PRODUCT_BUNDLE_IDENTIFIER = com.YM.GMLLayoutDemo;
				PRODUCT_NAME = "$(TARGET_NAME)";
				SWIFT_VERSION = 5.0;
				TARGETED_DEVICE_FAMILY = "1,2";
			};
			name = Release;
		};
		18181DAC244016A20006E095 /* Debug */ = {
			isa = XCBuildConfiguration;
			buildSettings = {
				ALWAYS_EMBED_SWIFT_STANDARD_LIBRARIES = YES;
				BUNDLE_LOADER = "$(TEST_HOST)";
				CODE_SIGN_STYLE = Automatic;
				DEVELOPMENT_TEAM = 29W9687J6A;
				INFOPLIST_FILE = GMLLayoutDemoTests/Info.plist;
				IPHONEOS_DEPLOYMENT_TARGET = 13.4;
				LD_RUNPATH_SEARCH_PATHS = (
					"$(inherited)",
					"@executable_path/Frameworks",
					"@loader_path/Frameworks",
				);
				PRODUCT_BUNDLE_IDENTIFIER = com.YM.GMLLayoutDemoTests;
				PRODUCT_NAME = "$(TARGET_NAME)";
				SWIFT_VERSION = 5.0;
				TARGETED_DEVICE_FAMILY = "1,2";
				TEST_HOST = "$(BUILT_PRODUCTS_DIR)/GMLLayoutDemo.app/GMLLayoutDemo";
			};
			name = Debug;
		};
		18181DAD244016A20006E095 /* Release */ = {
			isa = XCBuildConfiguration;
			buildSettings = {
				ALWAYS_EMBED_SWIFT_STANDARD_LIBRARIES = YES;
				BUNDLE_LOADER = "$(TEST_HOST)";
				CODE_SIGN_STYLE = Automatic;
				DEVELOPMENT_TEAM = 29W9687J6A;
				INFOPLIST_FILE = GMLLayoutDemoTests/Info.plist;
				IPHONEOS_DEPLOYMENT_TARGET = 13.4;
				LD_RUNPATH_SEARCH_PATHS = (
					"$(inherited)",
					"@executable_path/Frameworks",
					"@loader_path/Frameworks",
				);
				PRODUCT_BUNDLE_IDENTIFIER = com.YM.GMLLayoutDemoTests;
				PRODUCT_NAME = "$(TARGET_NAME)";
				SWIFT_VERSION = 5.0;
				TARGETED_DEVICE_FAMILY = "1,2";
				TEST_HOST = "$(BUILT_PRODUCTS_DIR)/GMLLayoutDemo.app/GMLLayoutDemo";
			};
			name = Release;
		};
		18181DAF244016A20006E095 /* Debug */ = {
			isa = XCBuildConfiguration;
			buildSettings = {
				ALWAYS_EMBED_SWIFT_STANDARD_LIBRARIES = YES;
				CODE_SIGN_STYLE = Automatic;
				DEVELOPMENT_TEAM = 29W9687J6A;
				INFOPLIST_FILE = GMLLayoutDemoUITests/Info.plist;
				LD_RUNPATH_SEARCH_PATHS = (
					"$(inherited)",
					"@executable_path/Frameworks",
					"@loader_path/Frameworks",
				);
				PRODUCT_BUNDLE_IDENTIFIER = com.YM.GMLLayoutDemoUITests;
				PRODUCT_NAME = "$(TARGET_NAME)";
				SWIFT_VERSION = 5.0;
				TARGETED_DEVICE_FAMILY = "1,2";
				TEST_TARGET_NAME = GMLLayoutDemo;
			};
			name = Debug;
		};
		18181DB0244016A20006E095 /* Release */ = {
			isa = XCBuildConfiguration;
			buildSettings = {
				ALWAYS_EMBED_SWIFT_STANDARD_LIBRARIES = YES;
				CODE_SIGN_STYLE = Automatic;
				DEVELOPMENT_TEAM = 29W9687J6A;
				INFOPLIST_FILE = GMLLayoutDemoUITests/Info.plist;
				LD_RUNPATH_SEARCH_PATHS = (
					"$(inherited)",
					"@executable_path/Frameworks",
					"@loader_path/Frameworks",
				);
				PRODUCT_BUNDLE_IDENTIFIER = com.YM.GMLLayoutDemoUITests;
				PRODUCT_NAME = "$(TARGET_NAME)";
				SWIFT_VERSION = 5.0;
				TARGETED_DEVICE_FAMILY = "1,2";
				TEST_TARGET_NAME = GMLLayoutDemo;
			};
			name = Release;
		};
/* End XCBuildConfiguration section */

/* Begin XCConfigurationList section */
		18181D79244016950006E095 /* Build configuration list for PBXProject "GMLLayoutDemo" */ = {
			isa = XCConfigurationList;
			buildConfigurations = (
				18181DA6244016A20006E095 /* Debug */,
				18181DA7244016A20006E095 /* Release */,
			);
			defaultConfigurationIsVisible = 0;
			defaultConfigurationName = Release;
		};
		18181DA8244016A20006E095 /* Build configuration list for PBXNativeTarget "GMLLayoutDemo" */ = {
			isa = XCConfigurationList;
			buildConfigurations = (
				18181DA9244016A20006E095 /* Debug */,
				18181DAA244016A20006E095 /* Release */,
			);
			defaultConfigurationIsVisible = 0;
			defaultConfigurationName = Release;
		};
		18181DAB244016A20006E095 /* Build configuration list for PBXNativeTarget "GMLLayoutDemoTests" */ = {
			isa = XCConfigurationList;
			buildConfigurations = (
				18181DAC244016A20006E095 /* Debug */,
				18181DAD244016A20006E095 /* Release */,
			);
			defaultConfigurationIsVisible = 0;
			defaultConfigurationName = Release;
		};
		18181DAE244016A20006E095 /* Build configuration list for PBXNativeTarget "GMLLayoutDemoUITests" */ = {
			isa = XCConfigurationList;
			buildConfigurations = (
				18181DAF244016A20006E095 /* Debug */,
				18181DB0244016A20006E095 /* Release */,
			);
			defaultConfigurationIsVisible = 0;
			defaultConfigurationName = Release;
		};
/* End XCConfigurationList section */
	};
	rootObject = 18181D76244016950006E095 /* Project object */;
}
